// !$*UTF8*$!
{
	archiveVersion = 1;
	classes = {
	};
	objectVersion = 51;
	objects = {

/* Begin PBXBuildFile section */
		0EB44FFC6FED94DA4DC2CB55 /* Pods_EnglishCard.framework in Frameworks */ = {isa = PBXBuildFile; fileRef = 9CDD24E7DB1E8DAAA451A7CA /* Pods_EnglishCard.framework */; };
		B90925A725D2BCE800D4D1FC /* AppDelegate.swift in Sources */ = {isa = PBXBuildFile; fileRef = B90925A625D2BCE800D4D1FC /* AppDelegate.swift */; };
		B90925A925D2BCE800D4D1FC /* SceneDelegate.swift in Sources */ = {isa = PBXBuildFile; fileRef = B90925A825D2BCE800D4D1FC /* SceneDelegate.swift */; };
		B90925AB25D2BCE800D4D1FC /* ViewController.swift in Sources */ = {isa = PBXBuildFile; fileRef = B90925AA25D2BCE800D4D1FC /* ViewController.swift */; };
		B90925AE25D2BCE800D4D1FC /* Main.storyboard in Resources */ = {isa = PBXBuildFile; fileRef = B90925AC25D2BCE800D4D1FC /* Main.storyboard */; };
		B90925B025D2BCEA00D4D1FC /* Assets.xcassets in Resources */ = {isa = PBXBuildFile; fileRef = B90925AF25D2BCEA00D4D1FC /* Assets.xcassets */; };
		B90925B325D2BCEA00D4D1FC /* LaunchScreen.storyboard in Resources */ = {isa = PBXBuildFile; fileRef = B90925B125D2BCEA00D4D1FC /* LaunchScreen.storyboard */; };
		B90925BC25D2BD9900D4D1FC /* GoogleService-Info.plist in Resources */ = {isa = PBXBuildFile; fileRef = B90925BB25D2BD9900D4D1FC /* GoogleService-Info.plist */; };
		B91B88EF25D3D1E300302FB5 /* CardName.swift in Sources */ = {isa = PBXBuildFile; fileRef = B91B88EE25D3D1E300302FB5 /* CardName.swift */; };
		B91B88F225D529B700302FB5 /* UpdateVC.swift in Sources */ = {isa = PBXBuildFile; fileRef = B91B88F125D529B600302FB5 /* UpdateVC.swift */; };
		B9B16E8325D2C61A00C4813C /* FeedViewController.swift in Sources */ = {isa = PBXBuildFile; fileRef = B9B16E8225D2C61A00C4813C /* FeedViewController.swift */; };
		B9B16E8625D2C63900C4813C /* UploadViewController.swift in Sources */ = {isa = PBXBuildFile; fileRef = B9B16E8525D2C63900C4813C /* UploadViewController.swift */; };
		B9B16E8925D2C64300C4813C /* SettingsViewController.swift in Sources */ = {isa = PBXBuildFile; fileRef = B9B16E8825D2C64300C4813C /* SettingsViewController.swift */; };
		B9B16E8D25D2E4D000C4813C /* FeedCell.swift in Sources */ = {isa = PBXBuildFile; fileRef = B9B16E8C25D2E4D000C4813C /* FeedCell.swift */; };
/* End PBXBuildFile section */

/* Begin PBXFileReference section */
		3543396C45589B7C7FE7B5F5 /* Pods-EnglishCard.release.xcconfig */ = {isa = PBXFileReference; includeInIndex = 1; lastKnownFileType = text.xcconfig; name = "Pods-EnglishCard.release.xcconfig"; path = "Target Support Files/Pods-EnglishCard/Pods-EnglishCard.release.xcconfig"; sourceTree = "<group>"; };
		9CDD24E7DB1E8DAAA451A7CA /* Pods_EnglishCard.framework */ = {isa = PBXFileReference; explicitFileType = wrapper.framework; includeInIndex = 0; path = Pods_EnglishCard.framework; sourceTree = BUILT_PRODUCTS_DIR; };
		A52501C757CC64CD83D45819 /* Pods-EnglishCard.debug.xcconfig */ = {isa = PBXFileReference; includeInIndex = 1; lastKnownFileType = text.xcconfig; name = "Pods-EnglishCard.debug.xcconfig"; path = "Target Support Files/Pods-EnglishCard/Pods-EnglishCard.debug.xcconfig"; sourceTree = "<group>"; };
		B90925A325D2BCE800D4D1FC /* EnglishCard.app */ = {isa = PBXFileReference; explicitFileType = wrapper.application; includeInIndex = 0; path = EnglishCard.app; sourceTree = BUILT_PRODUCTS_DIR; };
		B90925A625D2BCE800D4D1FC /* AppDelegate.swift */ = {isa = PBXFileReference; lastKnownFileType = sourcecode.swift; path = AppDelegate.swift; sourceTree = "<group>"; };
		B90925A825D2BCE800D4D1FC /* SceneDelegate.swift */ = {isa = PBXFileReference; lastKnownFileType = sourcecode.swift; path = SceneDelegate.swift; sourceTree = "<group>"; };
		B90925AA25D2BCE800D4D1FC /* ViewController.swift */ = {isa = PBXFileReference; lastKnownFileType = sourcecode.swift; path = ViewController.swift; sourceTree = "<group>"; };
		B90925AD25D2BCE800D4D1FC /* Base */ = {isa = PBXFileReference; lastKnownFileType = file.storyboard; name = Base; path = Base.lproj/Main.storyboard; sourceTree = "<group>"; };
		B90925AF25D2BCEA00D4D1FC /* Assets.xcassets */ = {isa = PBXFileReference; lastKnownFileType = folder.assetcatalog; path = Assets.xcassets; sourceTree = "<group>"; };
		B90925B225D2BCEA00D4D1FC /* Base */ = {isa = PBXFileReference; lastKnownFileType = file.storyboard; name = Base; path = Base.lproj/LaunchScreen.storyboard; sourceTree = "<group>"; };
		B90925B425D2BCEA00D4D1FC /* Info.plist */ = {isa = PBXFileReference; lastKnownFileType = text.plist.xml; path = Info.plist; sourceTree = "<group>"; };
		B90925BB25D2BD9900D4D1FC /* GoogleService-Info.plist */ = {isa = PBXFileReference; fileEncoding = 4; lastKnownFileType = text.plist.xml; path = "GoogleService-Info.plist"; sourceTree = "<group>"; };
		B91B88EE25D3D1E300302FB5 /* CardName.swift */ = {isa = PBXFileReference; lastKnownFileType = sourcecode.swift; path = CardName.swift; sourceTree = "<group>"; };
		B91B88F125D529B600302FB5 /* UpdateVC.swift */ = {isa = PBXFileReference; lastKnownFileType = sourcecode.swift; path = UpdateVC.swift; sourceTree = "<group>"; };
		B9B16E8225D2C61A00C4813C /* FeedViewController.swift */ = {isa = PBXFileReference; lastKnownFileType = sourcecode.swift; path = FeedViewController.swift; sourceTree = "<group>"; };
		B9B16E8525D2C63900C4813C /* UploadViewController.swift */ = {isa = PBXFileReference; lastKnownFileType = sourcecode.swift; path = UploadViewController.swift; sourceTree = "<group>"; };
		B9B16E8825D2C64300C4813C /* SettingsViewController.swift */ = {isa = PBXFileReference; lastKnownFileType = sourcecode.swift; path = SettingsViewController.swift; sourceTree = "<group>"; };
		B9B16E8C25D2E4D000C4813C /* FeedCell.swift */ = {isa = PBXFileReference; lastKnownFileType = sourcecode.swift; path = FeedCell.swift; sourceTree = "<group>"; };
/* End PBXFileReference section */

/* Begin PBXFrameworksBuildPhase section */
		B90925A025D2BCE800D4D1FC /* Frameworks */ = {
			isa = PBXFrameworksBuildPhase;
			buildActionMask = 2147483647;
			files = (
				0EB44FFC6FED94DA4DC2CB55 /* Pods_EnglishCard.framework in Frameworks */,
			);
			runOnlyForDeploymentPostprocessing = 0;
		};
/* End PBXFrameworksBuildPhase section */

/* Begin PBXGroup section */
		95059F81E4F6114B79D79E8C /* Frameworks */ = {
			isa = PBXGroup;
			children = (
				9CDD24E7DB1E8DAAA451A7CA /* Pods_EnglishCard.framework */,
			);
			name = Frameworks;
			sourceTree = "<group>";
		};
		B909259A25D2BCE800D4D1FC = {
			isa = PBXGroup;
			children = (
				B90925A525D2BCE800D4D1FC /* EnglishCard */,
				B90925A425D2BCE800D4D1FC /* Products */,
				CFCC5AE7F41D7E3D1D852F6A /* Pods */,
				95059F81E4F6114B79D79E8C /* Frameworks */,
			);
			sourceTree = "<group>";
		};
		B90925A425D2BCE800D4D1FC /* Products */ = {
			isa = PBXGroup;
			children = (
				B90925A325D2BCE800D4D1FC /* EnglishCard.app */,
			);
			name = Products;
			sourceTree = "<group>";
		};
		B90925A525D2BCE800D4D1FC /* EnglishCard */ = {
			isa = PBXGroup;
			children = (
				B91B88ED25D3D1CA00302FB5 /* Model */,
				B90925A625D2BCE800D4D1FC /* AppDelegate.swift */,
				B90925A825D2BCE800D4D1FC /* SceneDelegate.swift */,
				B90925AA25D2BCE800D4D1FC /* ViewController.swift */,
				B9B16E8525D2C63900C4813C /* UploadViewController.swift */,
				B9B16E8225D2C61A00C4813C /* FeedViewController.swift */,
				B9B16E8825D2C64300C4813C /* SettingsViewController.swift */,
				B9B16E8C25D2E4D000C4813C /* FeedCell.swift */,
				B90925AC25D2BCE800D4D1FC /* Main.storyboard */,
				B90925AF25D2BCEA00D4D1FC /* Assets.xcassets */,
				B90925B125D2BCEA00D4D1FC /* LaunchScreen.storyboard */,
				B90925B425D2BCEA00D4D1FC /* Info.plist */,
				B90925BB25D2BD9900D4D1FC /* GoogleService-Info.plist */,
				B91B88F125D529B600302FB5 /* UpdateVC.swift */,
			);
			path = EnglishCard;
			sourceTree = "<group>";
		};
		B91B88ED25D3D1CA00302FB5 /* Model */ = {
			isa = PBXGroup;
			children = (
				B91B88EE25D3D1E300302FB5 /* CardName.swift */,
			);
			path = Model;
			sourceTree = "<group>";
		};
		CFCC5AE7F41D7E3D1D852F6A /* Pods */ = {
			isa = PBXGroup;
			children = (
				A52501C757CC64CD83D45819 /* Pods-EnglishCard.debug.xcconfig */,
				3543396C45589B7C7FE7B5F5 /* Pods-EnglishCard.release.xcconfig */,
			);
			path = Pods;
			sourceTree = "<group>";
		};
/* End PBXGroup section */

/* Begin PBXNativeTarget section */
		B90925A225D2BCE800D4D1FC /* EnglishCard */ = {
			isa = PBXNativeTarget;
			buildConfigurationList = B90925B725D2BCEA00D4D1FC /* Build configuration list for PBXNativeTarget "EnglishCard" */;
			buildPhases = (
				30AB5FF70F4F96487FC92285 /* [CP] Check Pods Manifest.lock */,
				B909259F25D2BCE800D4D1FC /* Sources */,
				B90925A025D2BCE800D4D1FC /* Frameworks */,
				B90925A125D2BCE800D4D1FC /* Resources */,
				BB722D233B8C365EDD74C3A1 /* [CP] Embed Pods Frameworks */,
			);
			buildRules = (
			);
			dependencies = (
			);
			name = EnglishCard;
			productName = EnglishCard;
			productReference = B90925A325D2BCE800D4D1FC /* EnglishCard.app */;
			productType = "com.apple.product-type.application";
		};
/* End PBXNativeTarget section */

/* Begin PBXProject section */
		B909259B25D2BCE800D4D1FC /* Project object */ = {
			isa = PBXProject;
			attributes = {
				LastSwiftUpdateCheck = 1240;
				LastUpgradeCheck = 1240;
				TargetAttributes = {
					B90925A225D2BCE800D4D1FC = {
						CreatedOnToolsVersion = 12.4;
					};
				};
			};
			buildConfigurationList = B909259E25D2BCE800D4D1FC /* Build configuration list for PBXProject "EnglishCard" */;
			compatibilityVersion = "Xcode 9.3";
			developmentRegion = en;
			hasScannedForEncodings = 0;
			knownRegions = (
				en,
				Base,
			);
			mainGroup = B909259A25D2BCE800D4D1FC;
			productRefGroup = B90925A425D2BCE800D4D1FC /* Products */;
			projectDirPath = "";
			projectRoot = "";
			targets = (
				B90925A225D2BCE800D4D1FC /* EnglishCard */,
			);
		};
/* End PBXProject section */

/* Begin PBXResourcesBuildPhase section */
		B90925A125D2BCE800D4D1FC /* Resources */ = {
			isa = PBXResourcesBuildPhase;
			buildActionMask = 2147483647;
			files = (
				B90925B325D2BCEA00D4D1FC /* LaunchScreen.storyboard in Resources */,
				B90925BC25D2BD9900D4D1FC /* GoogleService-Info.plist in Resources */,
				B90925B025D2BCEA00D4D1FC /* Assets.xcassets in Resources */,
				B90925AE25D2BCE800D4D1FC /* Main.storyboard in Resources */,
			);
			runOnlyForDeploymentPostprocessing = 0;
		};
/* End PBXResourcesBuildPhase section */

/* Begin PBXShellScriptBuildPhase section */
		30AB5FF70F4F96487FC92285 /* [CP] Check Pods Manifest.lock */ = {
			isa = PBXShellScriptBuildPhase;
			buildActionMask = 2147483647;
			files = (
			);
			inputFileListPaths = (
			);
			inputPaths = (
				"${PODS_PODFILE_DIR_PATH}/Podfile.lock",
				"${PODS_ROOT}/Manifest.lock",
			);
			name = "[CP] Check Pods Manifest.lock";
			outputFileListPaths = (
			);
			outputPaths = (
				"$(DERIVED_FILE_DIR)/Pods-EnglishCard-checkManifestLockResult.txt",
			);
			runOnlyForDeploymentPostprocessing = 0;
			shellPath = /bin/sh;
			shellScript = "diff \"${PODS_PODFILE_DIR_PATH}/Podfile.lock\" \"${PODS_ROOT}/Manifest.lock\" > /dev/null\nif [ $? != 0 ] ; then\n    # print error to STDERR\n    echo \"error: The sandbox is not in sync with the Podfile.lock. Run 'pod install' or update your CocoaPods installation.\" >&2\n    exit 1\nfi\n# This output is used by Xcode 'outputs' to avoid re-running this script phase.\necho \"SUCCESS\" > \"${SCRIPT_OUTPUT_FILE_0}\"\n";
			showEnvVarsInLog = 0;
		};
		BB722D233B8C365EDD74C3A1 /* [CP] Embed Pods Frameworks */ = {
			isa = PBXShellScriptBuildPhase;
			buildActionMask = 2147483647;
			files = (
			);
			inputFileListPaths = (
				"${PODS_ROOT}/Target Support Files/Pods-EnglishCard/Pods-EnglishCard-frameworks-${CONFIGURATION}-input-files.xcfilelist",
			);
			name = "[CP] Embed Pods Frameworks";
			outputFileListPaths = (
				"${PODS_ROOT}/Target Support Files/Pods-EnglishCard/Pods-EnglishCard-frameworks-${CONFIGURATION}-output-files.xcfilelist",
			);
			runOnlyForDeploymentPostprocessing = 0;
			shellPath = /bin/sh;
			shellScript = "\"${PODS_ROOT}/Target Support Files/Pods-EnglishCard/Pods-EnglishCard-frameworks.sh\"\n";
			showEnvVarsInLog = 0;
		};
/* End PBXShellScriptBuildPhase section */

/* Begin PBXSourcesBuildPhase section */
		B909259F25D2BCE800D4D1FC /* Sources */ = {
			isa = PBXSourcesBuildPhase;
			buildActionMask = 2147483647;
			files = (
				B91B88F225D529B700302FB5 /* UpdateVC.swift in Sources */,
				B9B16E8D25D2E4D000C4813C /* FeedCell.swift in Sources */,
				B90925AB25D2BCE800D4D1FC /* ViewController.swift in Sources */,
				B9B16E8625D2C63900C4813C /* UploadViewController.swift in Sources */,
				B90925A725D2BCE800D4D1FC /* AppDelegate.swift in Sources */,
				B91B88EF25D3D1E300302FB5 /* CardName.swift in Sources */,
				B9B16E8325D2C61A00C4813C /* FeedViewController.swift in Sources */,
				B90925A925D2BCE800D4D1FC /* SceneDelegate.swift in Sources */,
				B9B16E8925D2C64300C4813C /* SettingsViewController.swift in Sources */,
			);
			runOnlyForDeploymentPostprocessing = 0;
		};
/* End PBXSourcesBuildPhase section */

/* Begin PBXVariantGroup section */
		B90925AC25D2BCE800D4D1FC /* Main.storyboard */ = {
			isa = PBXVariantGroup;
			children = (
				B90925AD25D2BCE800D4D1FC /* Base */,
			);
			name = Main.storyboard;
			sourceTree = "<group>";
		};
		B90925B125D2BCEA00D4D1FC /* LaunchScreen.storyboard */ = {
			isa = PBXVariantGroup;
			children = (
				B90925B225D2BCEA00D4D1FC /* Base */,
			);
			name = LaunchScreen.storyboard;
			sourceTree = "<group>";
		};
/* End PBXVariantGroup section */

/* Begin XCBuildConfiguration section */
		B90925B525D2BCEA00D4D1FC /* Debug */ = {
			isa = XCBuildConfiguration;
			buildSettings = {
				ALWAYS_SEARCH_USER_PATHS = NO;
				CLANG_ANALYZER_NONNULL = YES;
				CLANG_ANALYZER_NUMBER_OBJECT_CONVERSION = YES_AGGRESSIVE;
				CLANG_CXX_LANGUAGE_STANDARD = "gnu++14";
				CLANG_CXX_LIBRARY = "libc++";
				CLANG_ENABLE_MODULES = YES;
				CLANG_ENABLE_OBJC_ARC = YES;
				CLANG_ENABLE_OBJC_WEAK = YES;
				CLANG_WARN_BLOCK_CAPTURE_AUTORELEASING = YES;
				CLANG_WARN_BOOL_CONVERSION = YES;
				CLANG_WARN_COMMA = YES;
				CLANG_WARN_CONSTANT_CONVERSION = YES;
				CLANG_WARN_DEPRECATED_OBJC_IMPLEMENTATIONS = YES;
				CLANG_WARN_DIRECT_OBJC_ISA_USAGE = YES_ERROR;
				CLANG_WARN_DOCUMENTATION_COMMENTS = YES;
				CLANG_WARN_EMPTY_BODY = YES;
				CLANG_WARN_ENUM_CONVERSION = YES;
				CLANG_WARN_INFINITE_RECURSION = YES;
				CLANG_WARN_INT_CONVERSION = YES;
				CLANG_WARN_NON_LITERAL_NULL_CONVERSION = YES;
				CLANG_WARN_OBJC_IMPLICIT_RETAIN_SELF = YES;
				CLANG_WARN_OBJC_LITERAL_CONVERSION = YES;
				CLANG_WARN_OBJC_ROOT_CLASS = YES_ERROR;
				CLANG_WARN_QUOTED_INCLUDE_IN_FRAMEWORK_HEADER = YES;
				CLANG_WARN_RANGE_LOOP_ANALYSIS = YES;
				CLANG_WARN_STRICT_PROTOTYPES = YES;
				CLANG_WARN_SUSPICIOUS_MOVE = YES;
				CLANG_WARN_UNGUARDED_AVAILABILITY = YES_AGGRESSIVE;
				CLANG_WARN_UNREACHABLE_CODE = YES;
				CLANG_WARN__DUPLICATE_METHOD_MATCH = YES;
				COPY_PHASE_STRIP = NO;
				DEBUG_INFORMATION_FORMAT = dwarf;
				ENABLE_STRICT_OBJC_MSGSEND = YES;
				ENABLE_TESTABILITY = YES;
				GCC_C_LANGUAGE_STANDARD = gnu11;
				GCC_DYNAMIC_NO_PIC = NO;
				GCC_NO_COMMON_BLOCKS = YES;
				GCC_OPTIMIZATION_LEVEL = 0;
				GCC_PREPROCESSOR_DEFINITIONS = (
					"DEBUG=1",
					"$(inherited)",
				);
				GCC_WARN_64_TO_32_BIT_CONVERSION = YES;
				GCC_WARN_ABOUT_RETURN_TYPE = YES_ERROR;
				GCC_WARN_UNDECLARED_SELECTOR = YES;
				GCC_WARN_UNINITIALIZED_AUTOS = YES_AGGRESSIVE;
				GCC_WARN_UNUSED_FUNCTION = YES;
				GCC_WARN_UNUSED_VARIABLE = YES;
				IPHONEOS_DEPLOYMENT_TARGET = 14.4;
				MTL_ENABLE_DEBUG_INFO = INCLUDE_SOURCE;
				MTL_FAST_MATH = YES;
				ONLY_ACTIVE_ARCH = YES;
				SDKROOT = iphoneos;
				SWIFT_ACTIVE_COMPILATION_CONDITIONS = DEBUG;
				SWIFT_OPTIMIZATION_LEVEL = "-Onone";
			};
			name = Debug;
		};
		B90925B625D2BCEA00D4D1FC /* Release */ = {
			isa = XCBuildConfiguration;
			buildSettings = {
				ALWAYS_SEARCH_USER_PATHS = NO;
				CLANG_ANALYZER_NONNULL = YES;
				CLANG_ANALYZER_NUMBER_OBJECT_CONVERSION = YES_AGGRESSIVE;
				CLANG_CXX_LANGUAGE_STANDARD = "gnu++14";
				CLANG_CXX_LIBRARY = "libc++";
				CLANG_ENABLE_MODULES = YES;
				CLANG_ENABLE_OBJC_ARC = YES;
				CLANG_ENABLE_OBJC_WEAK = YES;
				CLANG_WARN_BLOCK_CAPTURE_AUTORELEASING = YES;
				CLANG_WARN_BOOL_CONVERSION = YES;
				CLANG_WARN_COMMA = YES;
				CLANG_WARN_CONSTANT_CONVERSION = YES;
				CLANG_WARN_DEPRECATED_OBJC_IMPLEMENTATIONS = YES;
				CLANG_WARN_DIRECT_OBJC_ISA_USAGE = YES_ERROR;
				CLANG_WARN_DOCUMENTATION_COMMENTS = YES;
				CLANG_WARN_EMPTY_BODY = YES;
				CLANG_WARN_ENUM_CONVERSION = YES;
				CLANG_WARN_INFINITE_RECURSION = YES;
				CLANG_WARN_INT_CONVERSION = YES;
				CLANG_WARN_NON_LITERAL_NULL_CONVERSION = YES;
				CLANG_WARN_OBJC_IMPLICIT_RETAIN_SELF = YES;
				CLANG_WARN_OBJC_LITERAL_CONVERSION = YES;
				CLANG_WARN_OBJC_ROOT_CLASS = YES_ERROR;
				CLANG_WARN_QUOTED_INCLUDE_IN_FRAMEWORK_HEADER = YES;
				CLANG_WARN_RANGE_LOOP_ANALYSIS = YES;
				CLANG_WARN_STRICT_PROTOTYPES = YES;
				CLANG_WARN_SUSPICIOUS_MOVE = YES;
				CLANG_WARN_UNGUARDED_AVAILABILITY = YES_AGGRESSIVE;
				CLANG_WARN_UNREACHABLE_CODE = YES;
				CLANG_WARN__DUPLICATE_METHOD_MATCH = YES;
				COPY_PHASE_STRIP = NO;
				DEBUG_INFORMATION_FORMAT = "dwarf-with-dsym";
				ENABLE_NS_ASSERTIONS = NO;
				ENABLE_STRICT_OBJC_MSGSEND = YES;
				GCC_C_LANGUAGE_STANDARD = gnu11;
				GCC_NO_COMMON_BLOCKS = YES;
				GCC_WARN_64_TO_32_BIT_CONVERSION = YES;
				GCC_WARN_ABOUT_RETURN_TYPE = YES_ERROR;
				GCC_WARN_UNDECLARED_SELECTOR = YES;
				GCC_WARN_UNINITIALIZED_AUTOS = YES_AGGRESSIVE;
				GCC_WARN_UNUSED_FUNCTION = YES;
				GCC_WARN_UNUSED_VARIABLE = YES;
				IPHONEOS_DEPLOYMENT_TARGET = 14.4;
				MTL_ENABLE_DEBUG_INFO = NO;
				MTL_FAST_MATH = YES;
				SDKROOT = iphoneos;
				SWIFT_COMPILATION_MODE = wholemodule;
				SWIFT_OPTIMIZATION_LEVEL = "-O";
				VALIDATE_PRODUCT = YES;
			};
			name = Release;
		};
		B90925B825D2BCEA00D4D1FC /* Debug */ = {
			isa = XCBuildConfiguration;
			baseConfigurationReference = A52501C757CC64CD83D45819 /* Pods-EnglishCard.debug.xcconfig */;
			buildSettings = {
				ASSETCATALOG_COMPILER_APPICON_NAME = AppIcon;
				ASSETCATALOG_COMPILER_GLOBAL_ACCENT_COLOR_NAME = AccentColor;
				CODE_SIGN_STYLE = Automatic;
				DEVELOPMENT_TEAM = QJS4FJ5R3Z;
				INFOPLIST_FILE = EnglishCard/Info.plist;
				LD_RUNPATH_SEARCH_PATHS = (
					"$(inherited)",
					"@executable_path/Frameworks",
				);
				PRODUCT_BUNDLE_IDENTIFIER = com.Onur.EnglishCard;
				PRODUCT_NAME = "$(TARGET_NAME)";
				SWIFT_VERSION = 5.0;
				TARGETED_DEVICE_FAMILY = "1,2";
			};
			name = Debug;
		};
		B90925B925D2BCEA00D4D1FC /* Release */ = {
			isa = XCBuildConfiguration;
			baseConfigurationReference = 3543396C45589B7C7FE7B5F5 /* Pods-EnglishCard.release.xcconfig */;
			buildSettings = {
				ASSETCATALOG_COMPILER_APPICON_NAME = AppIcon;
				ASSETCATALOG_COMPILER_GLOBAL_ACCENT_COLOR_NAME = AccentColor;
				CODE_SIGN_STYLE = Automatic;
				DEVELOPMENT_TEAM = QJS4FJ5R3Z;
				INFOPLIST_FILE = EnglishCard/Info.plist;
				LD_RUNPATH_SEARCH_PATHS = (
					"$(inherited)",
					"@executable_path/Frameworks",
				);
				PRODUCT_BUNDLE_IDENTIFIER = com.Onur.EnglishCard;
				PRODUCT_NAME = "$(TARGET_NAME)";
				SWIFT_VERSION = 5.0;
				TARGETED_DEVICE_FAMILY = "1,2";
			};
			name = Release;
		};
/* End XCBuildConfiguration section */

/* Begin XCConfigurationList section */
		B909259E25D2BCE800D4D1FC /* Build configuration list for PBXProject "EnglishCard" */ = {
			isa = XCConfigurationList;
			buildConfigurations = (
				B90925B525D2BCEA00D4D1FC /* Debug */,
				B90925B625D2BCEA00D4D1FC /* Release */,
			);
			defaultConfigurationIsVisible = 0;
			defaultConfigurationName = Release;
		};
		B90925B725D2BCEA00D4D1FC /* Build configuration list for PBXNativeTarget "EnglishCard" */ = {
			isa = XCConfigurationList;
			buildConfigurations = (
				B90925B825D2BCEA00D4D1FC /* Debug */,
				B90925B925D2BCEA00D4D1FC /* Release */,
			);
			defaultConfigurationIsVisible = 0;
			defaultConfigurationName = Release;
		};
/* End XCConfigurationList section */
	};
	rootObject = B909259B25D2BCE800D4D1FC /* Project object */;
}
